
Microsoft Visual Studio Solution File, Format Version 12.00
# Visual Studio Version 16
VisualStudioVersion = 16.0.28407.52
MinimumVisualStudioVersion = 10.0.40219.1
Project("{FAE04EC0-301F-11D3-BF4B-00C04F79EFBC}") = "Treasure.Android", "Treasure\Treasure.Android\Treasure.Android.csproj", "{474C5912-97F1-4E4F-9B89-B4D113B57EB9}"
EndProject
Project("{FAE04EC0-301F-11D3-BF4B-00C04F79EFBC}") = "Treasure.iOS", "Treasure\Treasure.iOS\Treasure.iOS.csproj", "{DFFF722B-8A0C-435F-8EA2-1FE6464F9892}"
EndProject
Project("{9A19103F-16F7-4668-BE54-9A1E7A4F7556}") = "Treasure", "Treasure\Treasure\Treasure.csproj", "{BD696E6C-E89D-4D00-9E57-1BB826CAD3D0}"
EndProject
Project("{9A19103F-16F7-4668-BE54-9A1E7A4F7556}") = "TreasureServer", "TreasureServer\TreasureServer.csproj", "{438C2F2C-DCE2-4D6F-A917-5C232ED3456E}"
EndProject
Project("{9A19103F-16F7-4668-BE54-9A1E7A4F7556}") = "ConsoleApp1", "ConsoleApp1\ConsoleApp1.csproj", "{1D354BAB-48C4-4B62-9929-DBFC27C1EA2B}"
EndProject
Project("{FAE04EC0-301F-11D3-BF4B-00C04F79EFBC}") = "TreasureProject.UWP", "TreasureProject\TreasureProject.UWP\TreasureProject.UWP.csproj", "{B1B33BB4-60A8-4BE2-9F64-D80746D6900F}"
EndProject
Project("{FAE04EC0-301F-11D3-BF4B-00C04F79EFBC}") = "TreasureProject.Android", "TreasureProject\TreasureProject.Android\TreasureProject.Android.csproj", "{5000B065-756B-4125-B928-21DC847928C0}"
EndProject
Project("{FAE04EC0-301F-11D3-BF4B-00C04F79EFBC}") = "TreasureProject.iOS", "TreasureProject\TreasureProject.iOS\TreasureProject.iOS.csproj", "{E72EA8AE-B434-465E-ADE3-932D3126126F}"
EndProject
Project("{9A19103F-16F7-4668-BE54-9A1E7A4F7556}") = "TreasureProject", "TreasureProject\TreasureProject\TreasureProject.csproj", "{283BCFF6-E0A9-4018-9CCE-CEC2B5942614}"
EndProject
Project("{FAE04EC0-301F-11D3-BF4B-00C04F79EFBC}") = "TreasureProjectWPF", "TreasureProjectWPF\TreasureProjectWPF.csproj", "{9F6ADF41-FBDF-405F-BCE9-D50733E24D00}"
EndProject
Project("{2150E333-8FDC-42A3-9474-1A3956D46DE8}") = "Trash", "Trash", "{1AE48B40-9BFF-4A7A-8BF4-8E0B020DCF4B}"
EndProject
Project("{FAE04EC0-301F-11D3-BF4B-00C04F79EFBC}") = "DataModel", "DataModel\DataModel.csproj", "{57FE5DE0-ABB0-4839-98E4-1BBECD50C5BB}"
EndProject
Global
	GlobalSection(SolutionConfigurationPlatforms) = preSolution
		Ad-Hoc|Any CPU = Ad-Hoc|Any CPU
		Ad-Hoc|ARM = Ad-Hoc|ARM
		Ad-Hoc|iPhone = Ad-Hoc|iPhone
		Ad-Hoc|iPhoneSimulator = Ad-Hoc|iPhoneSimulator
		Ad-Hoc|x64 = Ad-Hoc|x64
		Ad-Hoc|x86 = Ad-Hoc|x86
		AppStore|Any CPU = AppStore|Any CPU
		AppStore|ARM = AppStore|ARM
		AppStore|iPhone = AppStore|iPhone
		AppStore|iPhoneSimulator = AppStore|iPhoneSimulator
		AppStore|x64 = AppStore|x64
		AppStore|x86 = AppStore|x86
		Debug|Any CPU = Debug|Any CPU
		Debug|ARM = Debug|ARM
		Debug|iPhone = Debug|iPhone
		Debug|iPhoneSimulator = Debug|iPhoneSimulator
		Debug|x64 = Debug|x64
		Debug|x86 = Debug|x86
		Release|Any CPU = Release|Any CPU
		Release|ARM = Release|ARM
		Release|iPhone = Release|iPhone
		Release|iPhoneSimulator = Release|iPhoneSimulator
		Release|x64 = Release|x64
		Release|x86 = Release|x86
	EndGlobalSection
	GlobalSection(ProjectConfigurationPlatforms) = postSolution
		{474C5912-97F1-4E4F-9B89-B4D113B57EB9}.Ad-Hoc|Any CPU.ActiveCfg = Release|Any CPU
		{474C5912-97F1-4E4F-9B89-B4D113B57EB9}.Ad-Hoc|Any CPU.Build.0 = Release|Any CPU
		{474C5912-97F1-4E4F-9B89-B4D113B57EB9}.Ad-Hoc|Any CPU.Deploy.0 = Release|Any CPU
		{474C5912-97F1-4E4F-9B89-B4D113B57EB9}.Ad-Hoc|ARM.ActiveCfg = Debug|Any CPU
		{474C5912-97F1-4E4F-9B89-B4D113B57EB9}.Ad-Hoc|iPhone.ActiveCfg = Release|Any CPU
		{474C5912-97F1-4E4F-9B89-B4D113B57EB9}.Ad-Hoc|iPhone.Build.0 = Release|Any CPU
		{474C5912-97F1-4E4F-9B89-B4D113B57EB9}.Ad-Hoc|iPhone.Deploy.0 = Release|Any CPU
		{474C5912-97F1-4E4F-9B89-B4D113B57EB9}.Ad-Hoc|iPhoneSimulator.ActiveCfg = Release|Any CPU
		{474C5912-97F1-4E4F-9B89-B4D113B57EB9}.Ad-Hoc|iPhoneSimulator.Build.0 = Release|Any CPU
		{474C5912-97F1-4E4F-9B89-B4D113B57EB9}.Ad-Hoc|iPhoneSimulator.Deploy.0 = Release|Any CPU
		{474C5912-97F1-4E4F-9B89-B4D113B57EB9}.Ad-Hoc|x64.ActiveCfg = Debug|Any CPU
		{474C5912-97F1-4E4F-9B89-B4D113B57EB9}.Ad-Hoc|x86.ActiveCfg = Debug|Any CPU
		{474C5912-97F1-4E4F-9B89-B4D113B57EB9}.AppStore|Any CPU.ActiveCfg = Release|Any CPU
		{474C5912-97F1-4E4F-9B89-B4D113B57EB9}.AppStore|Any CPU.Build.0 = Release|Any CPU
		{474C5912-97F1-4E4F-9B89-B4D113B57EB9}.AppStore|Any CPU.Deploy.0 = Release|Any CPU
		{474C5912-97F1-4E4F-9B89-B4D113B57EB9}.AppStore|ARM.ActiveCfg = Debug|Any CPU
		{474C5912-97F1-4E4F-9B89-B4D113B57EB9}.AppStore|iPhone.ActiveCfg = Release|Any CPU
		{474C5912-97F1-4E4F-9B89-B4D113B57EB9}.AppStore|iPhone.Build.0 = Release|Any CPU
		{474C5912-97F1-4E4F-9B89-B4D113B57EB9}.AppStore|iPhone.Deploy.0 = Release|Any CPU
		{474C5912-97F1-4E4F-9B89-B4D113B57EB9}.AppStore|iPhoneSimulator.ActiveCfg = Release|Any CPU
		{474C5912-97F1-4E4F-9B89-B4D113B57EB9}.AppStore|iPhoneSimulator.Build.0 = Release|Any CPU
		{474C5912-97F1-4E4F-9B89-B4D113B57EB9}.AppStore|iPhoneSimulator.Deploy.0 = Release|Any CPU
		{474C5912-97F1-4E4F-9B89-B4D113B57EB9}.AppStore|x64.ActiveCfg = Debug|Any CPU
		{474C5912-97F1-4E4F-9B89-B4D113B57EB9}.AppStore|x86.ActiveCfg = Debug|Any CPU
		{474C5912-97F1-4E4F-9B89-B4D113B57EB9}.Debug|Any CPU.ActiveCfg = Debug|Any CPU
		{474C5912-97F1-4E4F-9B89-B4D113B57EB9}.Debug|Any CPU.Build.0 = Debug|Any CPU
		{474C5912-97F1-4E4F-9B89-B4D113B57EB9}.Debug|Any CPU.Deploy.0 = Debug|Any CPU
		{474C5912-97F1-4E4F-9B89-B4D113B57EB9}.Debug|ARM.ActiveCfg = Debug|Any CPU
		{474C5912-97F1-4E4F-9B89-B4D113B57EB9}.Debug|iPhone.ActiveCfg = Debug|Any CPU
		{474C5912-97F1-4E4F-9B89-B4D113B57EB9}.Debug|iPhone.Build.0 = Debug|Any CPU
		{474C5912-97F1-4E4F-9B89-B4D113B57EB9}.Debug|iPhone.Deploy.0 = Debug|Any CPU
		{474C5912-97F1-4E4F-9B89-B4D113B57EB9}.Debug|iPhoneSimulator.ActiveCfg = Debug|Any CPU
		{474C5912-97F1-4E4F-9B89-B4D113B57EB9}.Debug|iPhoneSimulator.Build.0 = Debug|Any CPU
		{474C5912-97F1-4E4F-9B89-B4D113B57EB9}.Debug|iPhoneSimulator.Deploy.0 = Debug|Any CPU
		{474C5912-97F1-4E4F-9B89-B4D113B57EB9}.Debug|x64.ActiveCfg = Debug|Any CPU
		{474C5912-97F1-4E4F-9B89-B4D113B57EB9}.Debug|x86.ActiveCfg = Debug|Any CPU
		{474C5912-97F1-4E4F-9B89-B4D113B57EB9}.Release|Any CPU.ActiveCfg = Release|Any CPU
		{474C5912-97F1-4E4F-9B89-B4D113B57EB9}.Release|Any CPU.Build.0 = Release|Any CPU
		{474C5912-97F1-4E4F-9B89-B4D113B57EB9}.Release|Any CPU.Deploy.0 = Release|Any CPU
		{474C5912-97F1-4E4F-9B89-B4D113B57EB9}.Release|ARM.ActiveCfg = Release|Any CPU
		{474C5912-97F1-4E4F-9B89-B4D113B57EB9}.Release|iPhone.ActiveCfg = Release|Any CPU
		{474C5912-97F1-4E4F-9B89-B4D113B57EB9}.Release|iPhone.Build.0 = Release|Any CPU
		{474C5912-97F1-4E4F-9B89-B4D113B57EB9}.Release|iPhone.Deploy.0 = Release|Any CPU
		{474C5912-97F1-4E4F-9B89-B4D113B57EB9}.Release|iPhoneSimulator.ActiveCfg = Release|Any CPU
		{474C5912-97F1-4E4F-9B89-B4D113B57EB9}.Release|iPhoneSimulator.Build.0 = Release|Any CPU
		{474C5912-97F1-4E4F-9B89-B4D113B57EB9}.Release|iPhoneSimulator.Deploy.0 = Release|Any CPU
		{474C5912-97F1-4E4F-9B89-B4D113B57EB9}.Release|x64.ActiveCfg = Release|Any CPU
		{474C5912-97F1-4E4F-9B89-B4D113B57EB9}.Release|x86.ActiveCfg = Release|Any CPU
		{DFFF722B-8A0C-435F-8EA2-1FE6464F9892}.Ad-Hoc|Any CPU.ActiveCfg = Ad-Hoc|iPhone
		{DFFF722B-8A0C-435F-8EA2-1FE6464F9892}.Ad-Hoc|Any CPU.Build.0 = Ad-Hoc|iPhone
		{DFFF722B-8A0C-435F-8EA2-1FE6464F9892}.Ad-Hoc|Any CPU.Deploy.0 = Ad-Hoc|iPhone
		{DFFF722B-8A0C-435F-8EA2-1FE6464F9892}.Ad-Hoc|ARM.ActiveCfg = Ad-Hoc|iPhoneSimulator
		{DFFF722B-8A0C-435F-8EA2-1FE6464F9892}.Ad-Hoc|iPhone.ActiveCfg = Ad-Hoc|iPhone
		{DFFF722B-8A0C-435F-8EA2-1FE6464F9892}.Ad-Hoc|iPhone.Build.0 = Ad-Hoc|iPhone
		{DFFF722B-8A0C-435F-8EA2-1FE6464F9892}.Ad-Hoc|iPhone.Deploy.0 = Ad-Hoc|iPhone
		{DFFF722B-8A0C-435F-8EA2-1FE6464F9892}.Ad-Hoc|iPhoneSimulator.ActiveCfg = Ad-Hoc|iPhoneSimulator
		{DFFF722B-8A0C-435F-8EA2-1FE6464F9892}.Ad-Hoc|iPhoneSimulator.Build.0 = Ad-Hoc|iPhoneSimulator
		{DFFF722B-8A0C-435F-8EA2-1FE6464F9892}.Ad-Hoc|iPhoneSimulator.Deploy.0 = Ad-Hoc|iPhoneSimulator
		{DFFF722B-8A0C-435F-8EA2-1FE6464F9892}.Ad-Hoc|x64.ActiveCfg = Ad-Hoc|iPhoneSimulator
		{DFFF722B-8A0C-435F-8EA2-1FE6464F9892}.Ad-Hoc|x86.ActiveCfg = Ad-Hoc|iPhoneSimulator
		{DFFF722B-8A0C-435F-8EA2-1FE6464F9892}.AppStore|Any CPU.ActiveCfg = AppStore|iPhone
		{DFFF722B-8A0C-435F-8EA2-1FE6464F9892}.AppStore|Any CPU.Build.0 = AppStore|iPhone
		{DFFF722B-8A0C-435F-8EA2-1FE6464F9892}.AppStore|Any CPU.Deploy.0 = AppStore|iPhone
		{DFFF722B-8A0C-435F-8EA2-1FE6464F9892}.AppStore|ARM.ActiveCfg = AppStore|iPhoneSimulator
		{DFFF722B-8A0C-435F-8EA2-1FE6464F9892}.AppStore|iPhone.ActiveCfg = AppStore|iPhone
		{DFFF722B-8A0C-435F-8EA2-1FE6464F9892}.AppStore|iPhone.Build.0 = AppStore|iPhone
		{DFFF722B-8A0C-435F-8EA2-1FE6464F9892}.AppStore|iPhone.Deploy.0 = AppStore|iPhone
		{DFFF722B-8A0C-435F-8EA2-1FE6464F9892}.AppStore|iPhoneSimulator.ActiveCfg = AppStore|iPhoneSimulator
		{DFFF722B-8A0C-435F-8EA2-1FE6464F9892}.AppStore|iPhoneSimulator.Build.0 = AppStore|iPhoneSimulator
		{DFFF722B-8A0C-435F-8EA2-1FE6464F9892}.AppStore|iPhoneSimulator.Deploy.0 = AppStore|iPhoneSimulator
		{DFFF722B-8A0C-435F-8EA2-1FE6464F9892}.AppStore|x64.ActiveCfg = AppStore|iPhoneSimulator
		{DFFF722B-8A0C-435F-8EA2-1FE6464F9892}.AppStore|x86.ActiveCfg = AppStore|iPhoneSimulator
		{DFFF722B-8A0C-435F-8EA2-1FE6464F9892}.Debug|Any CPU.ActiveCfg = Debug|iPhoneSimulator
		{DFFF722B-8A0C-435F-8EA2-1FE6464F9892}.Debug|Any CPU.Build.0 = Debug|iPhoneSimulator
		{DFFF722B-8A0C-435F-8EA2-1FE6464F9892}.Debug|Any CPU.Deploy.0 = Debug|iPhoneSimulator
		{DFFF722B-8A0C-435F-8EA2-1FE6464F9892}.Debug|ARM.ActiveCfg = Debug|iPhone
		{DFFF722B-8A0C-435F-8EA2-1FE6464F9892}.Debug|iPhone.ActiveCfg = Debug|iPhone
		{DFFF722B-8A0C-435F-8EA2-1FE6464F9892}.Debug|iPhone.Build.0 = Debug|iPhone
		{DFFF722B-8A0C-435F-8EA2-1FE6464F9892}.Debug|iPhone.Deploy.0 = Debug|iPhone
		{DFFF722B-8A0C-435F-8EA2-1FE6464F9892}.Debug|iPhoneSimulator.ActiveCfg = Debug|iPhoneSimulator
		{DFFF722B-8A0C-435F-8EA2-1FE6464F9892}.Debug|iPhoneSimulator.Build.0 = Debug|iPhoneSimulator
		{DFFF722B-8A0C-435F-8EA2-1FE6464F9892}.Debug|iPhoneSimulator.Deploy.0 = Debug|iPhoneSimulator
		{DFFF722B-8A0C-435F-8EA2-1FE6464F9892}.Debug|x64.ActiveCfg = Debug|iPhone
		{DFFF722B-8A0C-435F-8EA2-1FE6464F9892}.Debug|x86.ActiveCfg = Debug|iPhone
		{DFFF722B-8A0C-435F-8EA2-1FE6464F9892}.Release|Any CPU.ActiveCfg = Release|iPhone
		{DFFF722B-8A0C-435F-8EA2-1FE6464F9892}.Release|Any CPU.Build.0 = Release|iPhone
		{DFFF722B-8A0C-435F-8EA2-1FE6464F9892}.Release|Any CPU.Deploy.0 = Release|iPhone
		{DFFF722B-8A0C-435F-8EA2-1FE6464F9892}.Release|ARM.ActiveCfg = Release|iPhoneSimulator
		{DFFF722B-8A0C-435F-8EA2-1FE6464F9892}.Release|iPhone.ActiveCfg = Release|iPhone
		{DFFF722B-8A0C-435F-8EA2-1FE6464F9892}.Release|iPhone.Build.0 = Release|iPhone
		{DFFF722B-8A0C-435F-8EA2-1FE6464F9892}.Release|iPhone.Deploy.0 = Release|iPhone
		{DFFF722B-8A0C-435F-8EA2-1FE6464F9892}.Release|iPhoneSimulator.ActiveCfg = Release|iPhoneSimulator
		{DFFF722B-8A0C-435F-8EA2-1FE6464F9892}.Release|iPhoneSimulator.Build.0 = Release|iPhoneSimulator
		{DFFF722B-8A0C-435F-8EA2-1FE6464F9892}.Release|iPhoneSimulator.Deploy.0 = Release|iPhoneSimulator
		{DFFF722B-8A0C-435F-8EA2-1FE6464F9892}.Release|x64.ActiveCfg = Release|iPhoneSimulator
		{DFFF722B-8A0C-435F-8EA2-1FE6464F9892}.Release|x86.ActiveCfg = Release|iPhoneSimulator
		{BD696E6C-E89D-4D00-9E57-1BB826CAD3D0}.Ad-Hoc|Any CPU.ActiveCfg = Debug|Any CPU
		{BD696E6C-E89D-4D00-9E57-1BB826CAD3D0}.Ad-Hoc|Any CPU.Build.0 = Debug|Any CPU
		{BD696E6C-E89D-4D00-9E57-1BB826CAD3D0}.Ad-Hoc|Any CPU.Deploy.0 = Debug|Any CPU
		{BD696E6C-E89D-4D00-9E57-1BB826CAD3D0}.Ad-Hoc|ARM.ActiveCfg = Release|Any CPU
		{BD696E6C-E89D-4D00-9E57-1BB826CAD3D0}.Ad-Hoc|iPhone.ActiveCfg = Debug|Any CPU
		{BD696E6C-E89D-4D00-9E57-1BB826CAD3D0}.Ad-Hoc|iPhone.Build.0 = Debug|Any CPU
		{BD696E6C-E89D-4D00-9E57-1BB826CAD3D0}.Ad-Hoc|iPhone.Deploy.0 = Debug|Any CPU
		{BD696E6C-E89D-4D00-9E57-1BB826CAD3D0}.Ad-Hoc|iPhoneSimulator.ActiveCfg = Debug|Any CPU
		{BD696E6C-E89D-4D00-9E57-1BB826CAD3D0}.Ad-Hoc|iPhoneSimulator.Build.0 = Debug|Any CPU
		{BD696E6C-E89D-4D00-9E57-1BB826CAD3D0}.Ad-Hoc|iPhoneSimulator.Deploy.0 = Debug|Any CPU
		{BD696E6C-E89D-4D00-9E57-1BB826CAD3D0}.Ad-Hoc|x64.ActiveCfg = Release|Any CPU
		{BD696E6C-E89D-4D00-9E57-1BB826CAD3D0}.Ad-Hoc|x86.ActiveCfg = Release|Any CPU
		{BD696E6C-E89D-4D00-9E57-1BB826CAD3D0}.AppStore|Any CPU.ActiveCfg = Debug|Any CPU
		{BD696E6C-E89D-4D00-9E57-1BB826CAD3D0}.AppStore|Any CPU.Build.0 = Debug|Any CPU
		{BD696E6C-E89D-4D00-9E57-1BB826CAD3D0}.AppStore|Any CPU.Deploy.0 = Debug|Any CPU
		{BD696E6C-E89D-4D00-9E57-1BB826CAD3D0}.AppStore|ARM.ActiveCfg = Release|Any CPU
		{BD696E6C-E89D-4D00-9E57-1BB826CAD3D0}.AppStore|iPhone.ActiveCfg = Debug|Any CPU
		{BD696E6C-E89D-4D00-9E57-1BB826CAD3D0}.AppStore|iPhone.Build.0 = Debug|Any CPU
		{BD696E6C-E89D-4D00-9E57-1BB826CAD3D0}.AppStore|iPhone.Deploy.0 = Debug|Any CPU
		{BD696E6C-E89D-4D00-9E57-1BB826CAD3D0}.AppStore|iPhoneSimulator.ActiveCfg = Debug|Any CPU
		{BD696E6C-E89D-4D00-9E57-1BB826CAD3D0}.AppStore|iPhoneSimulator.Build.0 = Debug|Any CPU
		{BD696E6C-E89D-4D00-9E57-1BB826CAD3D0}.AppStore|iPhoneSimulator.Deploy.0 = Debug|Any CPU
		{BD696E6C-E89D-4D00-9E57-1BB826CAD3D0}.AppStore|x64.ActiveCfg = Release|Any CPU
		{BD696E6C-E89D-4D00-9E57-1BB826CAD3D0}.AppStore|x86.ActiveCfg = Release|Any CPU
		{BD696E6C-E89D-4D00-9E57-1BB826CAD3D0}.Debug|Any CPU.ActiveCfg = Debug|Any CPU
		{BD696E6C-E89D-4D00-9E57-1BB826CAD3D0}.Debug|Any CPU.Build.0 = Debug|Any CPU
		{BD696E6C-E89D-4D00-9E57-1BB826CAD3D0}.Debug|Any CPU.Deploy.0 = Debug|Any CPU
		{BD696E6C-E89D-4D00-9E57-1BB826CAD3D0}.Debug|ARM.ActiveCfg = Debug|Any CPU
		{BD696E6C-E89D-4D00-9E57-1BB826CAD3D0}.Debug|iPhone.ActiveCfg = Debug|Any CPU
		{BD696E6C-E89D-4D00-9E57-1BB826CAD3D0}.Debug|iPhone.Build.0 = Debug|Any CPU
		{BD696E6C-E89D-4D00-9E57-1BB826CAD3D0}.Debug|iPhone.Deploy.0 = Debug|Any CPU
		{BD696E6C-E89D-4D00-9E57-1BB826CAD3D0}.Debug|iPhoneSimulator.ActiveCfg = Debug|Any CPU
		{BD696E6C-E89D-4D00-9E57-1BB826CAD3D0}.Debug|iPhoneSimulator.Build.0 = Debug|Any CPU
		{BD696E6C-E89D-4D00-9E57-1BB826CAD3D0}.Debug|iPhoneSimulator.Deploy.0 = Debug|Any CPU
		{BD696E6C-E89D-4D00-9E57-1BB826CAD3D0}.Debug|x64.ActiveCfg = Debug|Any CPU
		{BD696E6C-E89D-4D00-9E57-1BB826CAD3D0}.Debug|x86.ActiveCfg = Debug|Any CPU
		{BD696E6C-E89D-4D00-9E57-1BB826CAD3D0}.Release|Any CPU.ActiveCfg = Release|Any CPU
		{BD696E6C-E89D-4D00-9E57-1BB826CAD3D0}.Release|Any CPU.Build.0 = Release|Any CPU
		{BD696E6C-E89D-4D00-9E57-1BB826CAD3D0}.Release|Any CPU.Deploy.0 = Release|Any CPU
		{BD696E6C-E89D-4D00-9E57-1BB826CAD3D0}.Release|ARM.ActiveCfg = Release|Any CPU
		{BD696E6C-E89D-4D00-9E57-1BB826CAD3D0}.Release|iPhone.ActiveCfg = Release|Any CPU
		{BD696E6C-E89D-4D00-9E57-1BB826CAD3D0}.Release|iPhone.Build.0 = Release|Any CPU
		{BD696E6C-E89D-4D00-9E57-1BB826CAD3D0}.Release|iPhone.Deploy.0 = Release|Any CPU
		{BD696E6C-E89D-4D00-9E57-1BB826CAD3D0}.Release|iPhoneSimulator.ActiveCfg = Release|Any CPU
		{BD696E6C-E89D-4D00-9E57-1BB826CAD3D0}.Release|iPhoneSimulator.Build.0 = Release|Any CPU
		{BD696E6C-E89D-4D00-9E57-1BB826CAD3D0}.Release|iPhoneSimulator.Deploy.0 = Release|Any CPU
		{BD696E6C-E89D-4D00-9E57-1BB826CAD3D0}.Release|x64.ActiveCfg = Release|Any CPU
		{BD696E6C-E89D-4D00-9E57-1BB826CAD3D0}.Release|x86.ActiveCfg = Release|Any CPU
		{438C2F2C-DCE2-4D6F-A917-5C232ED3456E}.Ad-Hoc|Any CPU.ActiveCfg = Debug|Any CPU
		{438C2F2C-DCE2-4D6F-A917-5C232ED3456E}.Ad-Hoc|Any CPU.Build.0 = Debug|Any CPU
		{438C2F2C-DCE2-4D6F-A917-5C232ED3456E}.Ad-Hoc|ARM.ActiveCfg = Release|Any CPU
		{438C2F2C-DCE2-4D6F-A917-5C232ED3456E}.Ad-Hoc|ARM.Build.0 = Release|Any CPU
		{438C2F2C-DCE2-4D6F-A917-5C232ED3456E}.Ad-Hoc|iPhone.ActiveCfg = Debug|Any CPU
		{438C2F2C-DCE2-4D6F-A917-5C232ED3456E}.Ad-Hoc|iPhone.Build.0 = Debug|Any CPU
		{438C2F2C-DCE2-4D6F-A917-5C232ED3456E}.Ad-Hoc|iPhoneSimulator.ActiveCfg = Debug|Any CPU
		{438C2F2C-DCE2-4D6F-A917-5C232ED3456E}.Ad-Hoc|iPhoneSimulator.Build.0 = Debug|Any CPU
		{438C2F2C-DCE2-4D6F-A917-5C232ED3456E}.Ad-Hoc|x64.ActiveCfg = Release|Any CPU
		{438C2F2C-DCE2-4D6F-A917-5C232ED3456E}.Ad-Hoc|x64.Build.0 = Release|Any CPU
		{438C2F2C-DCE2-4D6F-A917-5C232ED3456E}.Ad-Hoc|x86.ActiveCfg = Release|Any CPU
		{438C2F2C-DCE2-4D6F-A917-5C232ED3456E}.Ad-Hoc|x86.Build.0 = Release|Any CPU
		{438C2F2C-DCE2-4D6F-A917-5C232ED3456E}.AppStore|Any CPU.ActiveCfg = Debug|Any CPU
		{438C2F2C-DCE2-4D6F-A917-5C232ED3456E}.AppStore|Any CPU.Build.0 = Debug|Any CPU
		{438C2F2C-DCE2-4D6F-A917-5C232ED3456E}.AppStore|ARM.ActiveCfg = Release|Any CPU
		{438C2F2C-DCE2-4D6F-A917-5C232ED3456E}.AppStore|ARM.Build.0 = Release|Any CPU
		{438C2F2C-DCE2-4D6F-A917-5C232ED3456E}.AppStore|iPhone.ActiveCfg = Debug|Any CPU
		{438C2F2C-DCE2-4D6F-A917-5C232ED3456E}.AppStore|iPhone.Build.0 = Debug|Any CPU
		{438C2F2C-DCE2-4D6F-A917-5C232ED3456E}.AppStore|iPhoneSimulator.ActiveCfg = Debug|Any CPU
		{438C2F2C-DCE2-4D6F-A917-5C232ED3456E}.AppStore|iPhoneSimulator.Build.0 = Debug|Any CPU
		{438C2F2C-DCE2-4D6F-A917-5C232ED3456E}.AppStore|x64.ActiveCfg = Release|Any CPU
		{438C2F2C-DCE2-4D6F-A917-5C232ED3456E}.AppStore|x64.Build.0 = Release|Any CPU
		{438C2F2C-DCE2-4D6F-A917-5C232ED3456E}.AppStore|x86.ActiveCfg = Release|Any CPU
		{438C2F2C-DCE2-4D6F-A917-5C232ED3456E}.AppStore|x86.Build.0 = Release|Any CPU
		{438C2F2C-DCE2-4D6F-A917-5C232ED3456E}.Debug|Any CPU.ActiveCfg = Debug|Any CPU
		{438C2F2C-DCE2-4D6F-A917-5C232ED3456E}.Debug|Any CPU.Build.0 = Debug|Any CPU
		{438C2F2C-DCE2-4D6F-A917-5C232ED3456E}.Debug|ARM.ActiveCfg = Debug|Any CPU
		{438C2F2C-DCE2-4D6F-A917-5C232ED3456E}.Debug|ARM.Build.0 = Debug|Any CPU
		{438C2F2C-DCE2-4D6F-A917-5C232ED3456E}.Debug|iPhone.ActiveCfg = Debug|Any CPU
		{438C2F2C-DCE2-4D6F-A917-5C232ED3456E}.Debug|iPhone.Build.0 = Debug|Any CPU
		{438C2F2C-DCE2-4D6F-A917-5C232ED3456E}.Debug|iPhoneSimulator.ActiveCfg = Debug|Any CPU
		{438C2F2C-DCE2-4D6F-A917-5C232ED3456E}.Debug|iPhoneSimulator.Build.0 = Debug|Any CPU
		{438C2F2C-DCE2-4D6F-A917-5C232ED3456E}.Debug|x64.ActiveCfg = Debug|Any CPU
		{438C2F2C-DCE2-4D6F-A917-5C232ED3456E}.Debug|x64.Build.0 = Debug|Any CPU
		{438C2F2C-DCE2-4D6F-A917-5C232ED3456E}.Debug|x86.ActiveCfg = Debug|Any CPU
		{438C2F2C-DCE2-4D6F-A917-5C232ED3456E}.Debug|x86.Build.0 = Debug|Any CPU
		{438C2F2C-DCE2-4D6F-A917-5C232ED3456E}.Release|Any CPU.ActiveCfg = Release|Any CPU
		{438C2F2C-DCE2-4D6F-A917-5C232ED3456E}.Release|Any CPU.Build.0 = Release|Any CPU
		{438C2F2C-DCE2-4D6F-A917-5C232ED3456E}.Release|ARM.ActiveCfg = Release|Any CPU
		{438C2F2C-DCE2-4D6F-A917-5C232ED3456E}.Release|ARM.Build.0 = Release|Any CPU
		{438C2F2C-DCE2-4D6F-A917-5C232ED3456E}.Release|iPhone.ActiveCfg = Release|Any CPU
		{438C2F2C-DCE2-4D6F-A917-5C232ED3456E}.Release|iPhone.Build.0 = Release|Any CPU
		{438C2F2C-DCE2-4D6F-A917-5C232ED3456E}.Release|iPhoneSimulator.ActiveCfg = Release|Any CPU
		{438C2F2C-DCE2-4D6F-A917-5C232ED3456E}.Release|iPhoneSimulator.Build.0 = Release|Any CPU
		{438C2F2C-DCE2-4D6F-A917-5C232ED3456E}.Release|x64.ActiveCfg = Release|Any CPU
		{438C2F2C-DCE2-4D6F-A917-5C232ED3456E}.Release|x64.Build.0 = Release|Any CPU
		{438C2F2C-DCE2-4D6F-A917-5C232ED3456E}.Release|x86.ActiveCfg = Release|Any CPU
		{438C2F2C-DCE2-4D6F-A917-5C232ED3456E}.Release|x86.Build.0 = Release|Any CPU
		{1D354BAB-48C4-4B62-9929-DBFC27C1EA2B}.Ad-Hoc|Any CPU.ActiveCfg = Debug|Any CPU
		{1D354BAB-48C4-4B62-9929-DBFC27C1EA2B}.Ad-Hoc|Any CPU.Build.0 = Debug|Any CPU
		{1D354BAB-48C4-4B62-9929-DBFC27C1EA2B}.Ad-Hoc|ARM.ActiveCfg = Release|Any CPU
		{1D354BAB-48C4-4B62-9929-DBFC27C1EA2B}.Ad-Hoc|ARM.Build.0 = Release|Any CPU
		{1D354BAB-48C4-4B62-9929-DBFC27C1EA2B}.Ad-Hoc|iPhone.ActiveCfg = Debug|Any CPU
		{1D354BAB-48C4-4B62-9929-DBFC27C1EA2B}.Ad-Hoc|iPhone.Build.0 = Debug|Any CPU
		{1D354BAB-48C4-4B62-9929-DBFC27C1EA2B}.Ad-Hoc|iPhoneSimulator.ActiveCfg = Debug|Any CPU
		{1D354BAB-48C4-4B62-9929-DBFC27C1EA2B}.Ad-Hoc|iPhoneSimulator.Build.0 = Debug|Any CPU
		{1D354BAB-48C4-4B62-9929-DBFC27C1EA2B}.Ad-Hoc|x64.ActiveCfg = Release|Any CPU
		{1D354BAB-48C4-4B62-9929-DBFC27C1EA2B}.Ad-Hoc|x64.Build.0 = Release|Any CPU
		{1D354BAB-48C4-4B62-9929-DBFC27C1EA2B}.Ad-Hoc|x86.ActiveCfg = Release|Any CPU
		{1D354BAB-48C4-4B62-9929-DBFC27C1EA2B}.Ad-Hoc|x86.Build.0 = Release|Any CPU
		{1D354BAB-48C4-4B62-9929-DBFC27C1EA2B}.AppStore|Any CPU.ActiveCfg = Debug|Any CPU
		{1D354BAB-48C4-4B62-9929-DBFC27C1EA2B}.AppStore|Any CPU.Build.0 = Debug|Any CPU
		{1D354BAB-48C4-4B62-9929-DBFC27C1EA2B}.AppStore|ARM.ActiveCfg = Release|Any CPU
		{1D354BAB-48C4-4B62-9929-DBFC27C1EA2B}.AppStore|ARM.Build.0 = Release|Any CPU
		{1D354BAB-48C4-4B62-9929-DBFC27C1EA2B}.AppStore|iPhone.ActiveCfg = Debug|Any CPU
		{1D354BAB-48C4-4B62-9929-DBFC27C1EA2B}.AppStore|iPhone.Build.0 = Debug|Any CPU
		{1D354BAB-48C4-4B62-9929-DBFC27C1EA2B}.AppStore|iPhoneSimulator.ActiveCfg = Debug|Any CPU
		{1D354BAB-48C4-4B62-9929-DBFC27C1EA2B}.AppStore|iPhoneSimulator.Build.0 = Debug|Any CPU
		{1D354BAB-48C4-4B62-9929-DBFC27C1EA2B}.AppStore|x64.ActiveCfg = Release|Any CPU
		{1D354BAB-48C4-4B62-9929-DBFC27C1EA2B}.AppStore|x64.Build.0 = Release|Any CPU
		{1D354BAB-48C4-4B62-9929-DBFC27C1EA2B}.AppStore|x86.ActiveCfg = Release|Any CPU
		{1D354BAB-48C4-4B62-9929-DBFC27C1EA2B}.AppStore|x86.Build.0 = Release|Any CPU
		{1D354BAB-48C4-4B62-9929-DBFC27C1EA2B}.Debug|Any CPU.ActiveCfg = Debug|Any CPU
		{1D354BAB-48C4-4B62-9929-DBFC27C1EA2B}.Debug|Any CPU.Build.0 = Debug|Any CPU
		{1D354BAB-48C4-4B62-9929-DBFC27C1EA2B}.Debug|ARM.ActiveCfg = Debug|Any CPU
		{1D354BAB-48C4-4B62-9929-DBFC27C1EA2B}.Debug|ARM.Build.0 = Debug|Any CPU
		{1D354BAB-48C4-4B62-9929-DBFC27C1EA2B}.Debug|iPhone.ActiveCfg = Debug|Any CPU
		{1D354BAB-48C4-4B62-9929-DBFC27C1EA2B}.Debug|iPhone.Build.0 = Debug|Any CPU
		{1D354BAB-48C4-4B62-9929-DBFC27C1EA2B}.Debug|iPhoneSimulator.ActiveCfg = Debug|Any CPU
		{1D354BAB-48C4-4B62-9929-DBFC27C1EA2B}.Debug|iPhoneSimulator.Build.0 = Debug|Any CPU
		{1D354BAB-48C4-4B62-9929-DBFC27C1EA2B}.Debug|x64.ActiveCfg = Debug|Any CPU
		{1D354BAB-48C4-4B62-9929-DBFC27C1EA2B}.Debug|x64.Build.0 = Debug|Any CPU
		{1D354BAB-48C4-4B62-9929-DBFC27C1EA2B}.Debug|x86.ActiveCfg = Debug|Any CPU
		{1D354BAB-48C4-4B62-9929-DBFC27C1EA2B}.Debug|x86.Build.0 = Debug|Any CPU
		{1D354BAB-48C4-4B62-9929-DBFC27C1EA2B}.Release|Any CPU.ActiveCfg = Release|Any CPU
		{1D354BAB-48C4-4B62-9929-DBFC27C1EA2B}.Release|Any CPU.Build.0 = Release|Any CPU
		{1D354BAB-48C4-4B62-9929-DBFC27C1EA2B}.Release|ARM.ActiveCfg = Release|Any CPU
		{1D354BAB-48C4-4B62-9929-DBFC27C1EA2B}.Release|ARM.Build.0 = Release|Any CPU
		{1D354BAB-48C4-4B62-9929-DBFC27C1EA2B}.Release|iPhone.ActiveCfg = Release|Any CPU
		{1D354BAB-48C4-4B62-9929-DBFC27C1EA2B}.Release|iPhone.Build.0 = Release|Any CPU
		{1D354BAB-48C4-4B62-9929-DBFC27C1EA2B}.Release|iPhoneSimulator.ActiveCfg = Release|Any CPU
		{1D354BAB-48C4-4B62-9929-DBFC27C1EA2B}.Release|iPhoneSimulator.Build.0 = Release|Any CPU
		{1D354BAB-48C4-4B62-9929-DBFC27C1EA2B}.Release|x64.ActiveCfg = Release|Any CPU
		{1D354BAB-48C4-4B62-9929-DBFC27C1EA2B}.Release|x64.Build.0 = Release|Any CPU
		{1D354BAB-48C4-4B62-9929-DBFC27C1EA2B}.Release|x86.ActiveCfg = Release|Any CPU
		{1D354BAB-48C4-4B62-9929-DBFC27C1EA2B}.Release|x86.Build.0 = Release|Any CPU
		{B1B33BB4-60A8-4BE2-9F64-D80746D6900F}.Ad-Hoc|Any CPU.ActiveCfg = Release|x86
		{B1B33BB4-60A8-4BE2-9F64-D80746D6900F}.Ad-Hoc|Any CPU.Build.0 = Release|x86
		{B1B33BB4-60A8-4BE2-9F64-D80746D6900F}.Ad-Hoc|Any CPU.Deploy.0 = Release|x86
		{B1B33BB4-60A8-4BE2-9F64-D80746D6900F}.Ad-Hoc|ARM.ActiveCfg = Release|ARM
		{B1B33BB4-60A8-4BE2-9F64-D80746D6900F}.Ad-Hoc|ARM.Build.0 = Release|ARM
		{B1B33BB4-60A8-4BE2-9F64-D80746D6900F}.Ad-Hoc|ARM.Deploy.0 = Release|ARM
		{B1B33BB4-60A8-4BE2-9F64-D80746D6900F}.Ad-Hoc|iPhone.ActiveCfg = Release|x86
		{B1B33BB4-60A8-4BE2-9F64-D80746D6900F}.Ad-Hoc|iPhone.Build.0 = Release|x86
		{B1B33BB4-60A8-4BE2-9F64-D80746D6900F}.Ad-Hoc|iPhone.Deploy.0 = Release|x86
		{B1B33BB4-60A8-4BE2-9F64-D80746D6900F}.Ad-Hoc|iPhoneSimulator.ActiveCfg = Release|x86
		{B1B33BB4-60A8-4BE2-9F64-D80746D6900F}.Ad-Hoc|iPhoneSimulator.Build.0 = Release|x86
		{B1B33BB4-60A8-4BE2-9F64-D80746D6900F}.Ad-Hoc|iPhoneSimulator.Deploy.0 = Release|x86
		{B1B33BB4-60A8-4BE2-9F64-D80746D6900F}.Ad-Hoc|x64.ActiveCfg = Release|x64
		{B1B33BB4-60A8-4BE2-9F64-D80746D6900F}.Ad-Hoc|x64.Build.0 = Release|x64
		{B1B33BB4-60A8-4BE2-9F64-D80746D6900F}.Ad-Hoc|x64.Deploy.0 = Release|x64
		{B1B33BB4-60A8-4BE2-9F64-D80746D6900F}.Ad-Hoc|x86.ActiveCfg = Release|x86
		{B1B33BB4-60A8-4BE2-9F64-D80746D6900F}.Ad-Hoc|x86.Build.0 = Release|x86
		{B1B33BB4-60A8-4BE2-9F64-D80746D6900F}.Ad-Hoc|x86.Deploy.0 = Release|x86
		{B1B33BB4-60A8-4BE2-9F64-D80746D6900F}.AppStore|Any CPU.ActiveCfg = Release|x86
		{B1B33BB4-60A8-4BE2-9F64-D80746D6900F}.AppStore|Any CPU.Build.0 = Release|x86
		{B1B33BB4-60A8-4BE2-9F64-D80746D6900F}.AppStore|Any CPU.Deploy.0 = Release|x86
		{B1B33BB4-60A8-4BE2-9F64-D80746D6900F}.AppStore|ARM.ActiveCfg = Release|ARM
		{B1B33BB4-60A8-4BE2-9F64-D80746D6900F}.AppStore|ARM.Build.0 = Release|ARM
		{B1B33BB4-60A8-4BE2-9F64-D80746D6900F}.AppStore|ARM.Deploy.0 = Release|ARM
		{B1B33BB4-60A8-4BE2-9F64-D80746D6900F}.AppStore|iPhone.ActiveCfg = Release|x86
		{B1B33BB4-60A8-4BE2-9F64-D80746D6900F}.AppStore|iPhone.Build.0 = Release|x86
		{B1B33BB4-60A8-4BE2-9F64-D80746D6900F}.AppStore|iPhone.Deploy.0 = Release|x86
		{B1B33BB4-60A8-4BE2-9F64-D80746D6900F}.AppStore|iPhoneSimulator.ActiveCfg = Release|x86
		{B1B33BB4-60A8-4BE2-9F64-D80746D6900F}.AppStore|iPhoneSimulator.Build.0 = Release|x86
		{B1B33BB4-60A8-4BE2-9F64-D80746D6900F}.AppStore|iPhoneSimulator.Deploy.0 = Release|x86
		{B1B33BB4-60A8-4BE2-9F64-D80746D6900F}.AppStore|x64.ActiveCfg = Release|x64
		{B1B33BB4-60A8-4BE2-9F64-D80746D6900F}.AppStore|x64.Build.0 = Release|x64
		{B1B33BB4-60A8-4BE2-9F64-D80746D6900F}.AppStore|x64.Deploy.0 = Release|x64
		{B1B33BB4-60A8-4BE2-9F64-D80746D6900F}.AppStore|x86.ActiveCfg = Release|x86
		{B1B33BB4-60A8-4BE2-9F64-D80746D6900F}.AppStore|x86.Build.0 = Release|x86
		{B1B33BB4-60A8-4BE2-9F64-D80746D6900F}.AppStore|x86.Deploy.0 = Release|x86
		{B1B33BB4-60A8-4BE2-9F64-D80746D6900F}.Debug|Any CPU.ActiveCfg = Debug|x86
		{B1B33BB4-60A8-4BE2-9F64-D80746D6900F}.Debug|ARM.ActiveCfg = Debug|ARM
		{B1B33BB4-60A8-4BE2-9F64-D80746D6900F}.Debug|ARM.Build.0 = Debug|ARM
		{B1B33BB4-60A8-4BE2-9F64-D80746D6900F}.Debug|ARM.Deploy.0 = Debug|ARM
		{B1B33BB4-60A8-4BE2-9F64-D80746D6900F}.Debug|iPhone.ActiveCfg = Debug|x86
		{B1B33BB4-60A8-4BE2-9F64-D80746D6900F}.Debug|iPhoneSimulator.ActiveCfg = Debug|x86
		{B1B33BB4-60A8-4BE2-9F64-D80746D6900F}.Debug|x64.ActiveCfg = Debug|x64
		{B1B33BB4-60A8-4BE2-9F64-D80746D6900F}.Debug|x64.Build.0 = Debug|x64
		{B1B33BB4-60A8-4BE2-9F64-D80746D6900F}.Debug|x64.Deploy.0 = Debug|x64
		{B1B33BB4-60A8-4BE2-9F64-D80746D6900F}.Debug|x86.ActiveCfg = Debug|x86
		{B1B33BB4-60A8-4BE2-9F64-D80746D6900F}.Debug|x86.Build.0 = Debug|x86
		{B1B33BB4-60A8-4BE2-9F64-D80746D6900F}.Debug|x86.Deploy.0 = Debug|x86
		{B1B33BB4-60A8-4BE2-9F64-D80746D6900F}.Release|Any CPU.ActiveCfg = Release|x86
		{B1B33BB4-60A8-4BE2-9F64-D80746D6900F}.Release|ARM.ActiveCfg = Release|ARM
		{B1B33BB4-60A8-4BE2-9F64-D80746D6900F}.Release|ARM.Build.0 = Release|ARM
		{B1B33BB4-60A8-4BE2-9F64-D80746D6900F}.Release|ARM.Deploy.0 = Release|ARM
		{B1B33BB4-60A8-4BE2-9F64-D80746D6900F}.Release|iPhone.ActiveCfg = Release|x86
		{B1B33BB4-60A8-4BE2-9F64-D80746D6900F}.Release|iPhoneSimulator.ActiveCfg = Release|x86
		{B1B33BB4-60A8-4BE2-9F64-D80746D6900F}.Release|x64.ActiveCfg = Release|x64
		{B1B33BB4-60A8-4BE2-9F64-D80746D6900F}.Release|x64.Build.0 = Release|x64
		{B1B33BB4-60A8-4BE2-9F64-D80746D6900F}.Release|x64.Deploy.0 = Release|x64
		{B1B33BB4-60A8-4BE2-9F64-D80746D6900F}.Release|x86.ActiveCfg = Release|x86
		{B1B33BB4-60A8-4BE2-9F64-D80746D6900F}.Release|x86.Build.0 = Release|x86
		{B1B33BB4-60A8-4BE2-9F64-D80746D6900F}.Release|x86.Deploy.0 = Release|x86
		{5000B065-756B-4125-B928-21DC847928C0}.Ad-Hoc|Any CPU.ActiveCfg = Release|Any CPU
		{5000B065-756B-4125-B928-21DC847928C0}.Ad-Hoc|Any CPU.Build.0 = Release|Any CPU
		{5000B065-756B-4125-B928-21DC847928C0}.Ad-Hoc|Any CPU.Deploy.0 = Release|Any CPU
		{5000B065-756B-4125-B928-21DC847928C0}.Ad-Hoc|ARM.ActiveCfg = Release|Any CPU
		{5000B065-756B-4125-B928-21DC847928C0}.Ad-Hoc|ARM.Build.0 = Release|Any CPU
		{5000B065-756B-4125-B928-21DC847928C0}.Ad-Hoc|ARM.Deploy.0 = Release|Any CPU
		{5000B065-756B-4125-B928-21DC847928C0}.Ad-Hoc|iPhone.ActiveCfg = Release|Any CPU
		{5000B065-756B-4125-B928-21DC847928C0}.Ad-Hoc|iPhone.Build.0 = Release|Any CPU
		{5000B065-756B-4125-B928-21DC847928C0}.Ad-Hoc|iPhone.Deploy.0 = Release|Any CPU
		{5000B065-756B-4125-B928-21DC847928C0}.Ad-Hoc|iPhoneSimulator.ActiveCfg = Release|Any CPU
		{5000B065-756B-4125-B928-21DC847928C0}.Ad-Hoc|iPhoneSimulator.Build.0 = Release|Any CPU
		{5000B065-756B-4125-B928-21DC847928C0}.Ad-Hoc|iPhoneSimulator.Deploy.0 = Release|Any CPU
		{5000B065-756B-4125-B928-21DC847928C0}.Ad-Hoc|x64.ActiveCfg = Release|Any CPU
		{5000B065-756B-4125-B928-21DC847928C0}.Ad-Hoc|x64.Build.0 = Release|Any CPU
		{5000B065-756B-4125-B928-21DC847928C0}.Ad-Hoc|x64.Deploy.0 = Release|Any CPU
		{5000B065-756B-4125-B928-21DC847928C0}.Ad-Hoc|x86.ActiveCfg = Release|Any CPU
		{5000B065-756B-4125-B928-21DC847928C0}.Ad-Hoc|x86.Build.0 = Release|Any CPU
		{5000B065-756B-4125-B928-21DC847928C0}.Ad-Hoc|x86.Deploy.0 = Release|Any CPU
		{5000B065-756B-4125-B928-21DC847928C0}.AppStore|Any CPU.ActiveCfg = Release|Any CPU
		{5000B065-756B-4125-B928-21DC847928C0}.AppStore|Any CPU.Build.0 = Release|Any CPU
		{5000B065-756B-4125-B928-21DC847928C0}.AppStore|Any CPU.Deploy.0 = Release|Any CPU
		{5000B065-756B-4125-B928-21DC847928C0}.AppStore|ARM.ActiveCfg = Release|Any CPU
		{5000B065-756B-4125-B928-21DC847928C0}.AppStore|ARM.Build.0 = Release|Any CPU
		{5000B065-756B-4125-B928-21DC847928C0}.AppStore|ARM.Deploy.0 = Release|Any CPU
		{5000B065-756B-4125-B928-21DC847928C0}.AppStore|iPhone.ActiveCfg = Release|Any CPU
		{5000B065-756B-4125-B928-21DC847928C0}.AppStore|iPhone.Build.0 = Release|Any CPU
		{5000B065-756B-4125-B928-21DC847928C0}.AppStore|iPhone.Deploy.0 = Release|Any CPU
		{5000B065-756B-4125-B928-21DC847928C0}.AppStore|iPhoneSimulator.ActiveCfg = Release|Any CPU
		{5000B065-756B-4125-B928-21DC847928C0}.AppStore|iPhoneSimulator.Build.0 = Release|Any CPU
		{5000B065-756B-4125-B928-21DC847928C0}.AppStore|iPhoneSimulator.Deploy.0 = Release|Any CPU
		{5000B065-756B-4125-B928-21DC847928C0}.AppStore|x64.ActiveCfg = Release|Any CPU
		{5000B065-756B-4125-B928-21DC847928C0}.AppStore|x64.Build.0 = Release|Any CPU
		{5000B065-756B-4125-B928-21DC847928C0}.AppStore|x64.Deploy.0 = Release|Any CPU
		{5000B065-756B-4125-B928-21DC847928C0}.AppStore|x86.ActiveCfg = Release|Any CPU
		{5000B065-756B-4125-B928-21DC847928C0}.AppStore|x86.Build.0 = Release|Any CPU
		{5000B065-756B-4125-B928-21DC847928C0}.AppStore|x86.Deploy.0 = Release|Any CPU
		{5000B065-756B-4125-B928-21DC847928C0}.Debug|Any CPU.ActiveCfg = Debug|Any CPU
		{5000B065-756B-4125-B928-21DC847928C0}.Debug|Any CPU.Build.0 = Debug|Any CPU
		{5000B065-756B-4125-B928-21DC847928C0}.Debug|Any CPU.Deploy.0 = Debug|Any CPU
		{5000B065-756B-4125-B928-21DC847928C0}.Debug|ARM.ActiveCfg = Debug|Any CPU
		{5000B065-756B-4125-B928-21DC847928C0}.Debug|ARM.Build.0 = Debug|Any CPU
		{5000B065-756B-4125-B928-21DC847928C0}.Debug|ARM.Deploy.0 = Debug|Any CPU
		{5000B065-756B-4125-B928-21DC847928C0}.Debug|iPhone.ActiveCfg = Debug|Any CPU
		{5000B065-756B-4125-B928-21DC847928C0}.Debug|iPhone.Build.0 = Debug|Any CPU
		{5000B065-756B-4125-B928-21DC847928C0}.Debug|iPhone.Deploy.0 = Debug|Any CPU
		{5000B065-756B-4125-B928-21DC847928C0}.Debug|iPhoneSimulator.ActiveCfg = Debug|Any CPU
		{5000B065-756B-4125-B928-21DC847928C0}.Debug|iPhoneSimulator.Build.0 = Debug|Any CPU
		{5000B065-756B-4125-B928-21DC847928C0}.Debug|iPhoneSimulator.Deploy.0 = Debug|Any CPU
		{5000B065-756B-4125-B928-21DC847928C0}.Debug|x64.ActiveCfg = Debug|Any CPU
		{5000B065-756B-4125-B928-21DC847928C0}.Debug|x64.Build.0 = Debug|Any CPU
		{5000B065-756B-4125-B928-21DC847928C0}.Debug|x64.Deploy.0 = Debug|Any CPU
		{5000B065-756B-4125-B928-21DC847928C0}.Debug|x86.ActiveCfg = Debug|Any CPU
		{5000B065-756B-4125-B928-21DC847928C0}.Debug|x86.Build.0 = Debug|Any CPU
		{5000B065-756B-4125-B928-21DC847928C0}.Debug|x86.Deploy.0 = Debug|Any CPU
		{5000B065-756B-4125-B928-21DC847928C0}.Release|Any CPU.ActiveCfg = Release|Any CPU
		{5000B065-756B-4125-B928-21DC847928C0}.Release|Any CPU.Build.0 = Release|Any CPU
		{5000B065-756B-4125-B928-21DC847928C0}.Release|Any CPU.Deploy.0 = Release|Any CPU
		{5000B065-756B-4125-B928-21DC847928C0}.Release|ARM.ActiveCfg = Release|Any CPU
		{5000B065-756B-4125-B928-21DC847928C0}.Release|ARM.Build.0 = Release|Any CPU
		{5000B065-756B-4125-B928-21DC847928C0}.Release|ARM.Deploy.0 = Release|Any CPU
		{5000B065-756B-4125-B928-21DC847928C0}.Release|iPhone.ActiveCfg = Release|Any CPU
		{5000B065-756B-4125-B928-21DC847928C0}.Release|iPhone.Build.0 = Release|Any CPU
		{5000B065-756B-4125-B928-21DC847928C0}.Release|iPhone.Deploy.0 = Release|Any CPU
		{5000B065-756B-4125-B928-21DC847928C0}.Release|iPhoneSimulator.ActiveCfg = Release|Any CPU
		{5000B065-756B-4125-B928-21DC847928C0}.Release|iPhoneSimulator.Build.0 = Release|Any CPU
		{5000B065-756B-4125-B928-21DC847928C0}.Release|iPhoneSimulator.Deploy.0 = Release|Any CPU
		{5000B065-756B-4125-B928-21DC847928C0}.Release|x64.ActiveCfg = Release|Any CPU
		{5000B065-756B-4125-B928-21DC847928C0}.Release|x64.Build.0 = Release|Any CPU
		{5000B065-756B-4125-B928-21DC847928C0}.Release|x64.Deploy.0 = Release|Any CPU
		{5000B065-756B-4125-B928-21DC847928C0}.Release|x86.ActiveCfg = Release|Any CPU
		{5000B065-756B-4125-B928-21DC847928C0}.Release|x86.Build.0 = Release|Any CPU
		{5000B065-756B-4125-B928-21DC847928C0}.Release|x86.Deploy.0 = Release|Any CPU
		{E72EA8AE-B434-465E-ADE3-932D3126126F}.Ad-Hoc|Any CPU.ActiveCfg = Release|iPhone
		{E72EA8AE-B434-465E-ADE3-932D3126126F}.Ad-Hoc|Any CPU.Build.0 = Release|iPhone
		{E72EA8AE-B434-465E-ADE3-932D3126126F}.Ad-Hoc|ARM.ActiveCfg = Release|iPhone
		{E72EA8AE-B434-465E-ADE3-932D3126126F}.Ad-Hoc|ARM.Build.0 = Release|iPhone
		{E72EA8AE-B434-465E-ADE3-932D3126126F}.Ad-Hoc|iPhone.ActiveCfg = Release|iPhone
		{E72EA8AE-B434-465E-ADE3-932D3126126F}.Ad-Hoc|iPhone.Build.0 = Release|iPhone
		{E72EA8AE-B434-465E-ADE3-932D3126126F}.Ad-Hoc|iPhoneSimulator.ActiveCfg = Release|iPhoneSimulator
		{E72EA8AE-B434-465E-ADE3-932D3126126F}.Ad-Hoc|iPhoneSimulator.Build.0 = Release|iPhoneSimulator
		{E72EA8AE-B434-465E-ADE3-932D3126126F}.Ad-Hoc|x64.ActiveCfg = Release|iPhone
		{E72EA8AE-B434-465E-ADE3-932D3126126F}.Ad-Hoc|x64.Build.0 = Release|iPhone
		{E72EA8AE-B434-465E-ADE3-932D3126126F}.Ad-Hoc|x86.ActiveCfg = Release|iPhone
		{E72EA8AE-B434-465E-ADE3-932D3126126F}.Ad-Hoc|x86.Build.0 = Release|iPhone
		{E72EA8AE-B434-465E-ADE3-932D3126126F}.AppStore|Any CPU.ActiveCfg = Release|iPhone
		{E72EA8AE-B434-465E-ADE3-932D3126126F}.AppStore|Any CPU.Build.0 = Release|iPhone
		{E72EA8AE-B434-465E-ADE3-932D3126126F}.AppStore|ARM.ActiveCfg = Release|iPhone
		{E72EA8AE-B434-465E-ADE3-932D3126126F}.AppStore|ARM.Build.0 = Release|iPhone
		{E72EA8AE-B434-465E-ADE3-932D3126126F}.AppStore|iPhone.ActiveCfg = Release|iPhone
		{E72EA8AE-B434-465E-ADE3-932D3126126F}.AppStore|iPhone.Build.0 = Release|iPhone
		{E72EA8AE-B434-465E-ADE3-932D3126126F}.AppStore|iPhoneSimulator.ActiveCfg = Release|iPhoneSimulator
		{E72EA8AE-B434-465E-ADE3-932D3126126F}.AppStore|iPhoneSimulator.Build.0 = Release|iPhoneSimulator
		{E72EA8AE-B434-465E-ADE3-932D3126126F}.AppStore|x64.ActiveCfg = Release|iPhone
		{E72EA8AE-B434-465E-ADE3-932D3126126F}.AppStore|x64.Build.0 = Release|iPhone
		{E72EA8AE-B434-465E-ADE3-932D3126126F}.AppStore|x86.ActiveCfg = Release|iPhone
		{E72EA8AE-B434-465E-ADE3-932D3126126F}.AppStore|x86.Build.0 = Release|iPhone
		{E72EA8AE-B434-465E-ADE3-932D3126126F}.Debug|Any CPU.ActiveCfg = Debug|iPhone
		{E72EA8AE-B434-465E-ADE3-932D3126126F}.Debug|ARM.ActiveCfg = Debug|iPhone
		{E72EA8AE-B434-465E-ADE3-932D3126126F}.Debug|iPhone.ActiveCfg = Debug|iPhone
		{E72EA8AE-B434-465E-ADE3-932D3126126F}.Debug|iPhone.Build.0 = Debug|iPhone
		{E72EA8AE-B434-465E-ADE3-932D3126126F}.Debug|iPhoneSimulator.ActiveCfg = Debug|iPhoneSimulator
		{E72EA8AE-B434-465E-ADE3-932D3126126F}.Debug|iPhoneSimulator.Build.0 = Debug|iPhoneSimulator
		{E72EA8AE-B434-465E-ADE3-932D3126126F}.Debug|x64.ActiveCfg = Debug|iPhone
		{E72EA8AE-B434-465E-ADE3-932D3126126F}.Debug|x86.ActiveCfg = Debug|iPhone
		{E72EA8AE-B434-465E-ADE3-932D3126126F}.Release|Any CPU.ActiveCfg = Release|iPhone
		{E72EA8AE-B434-465E-ADE3-932D3126126F}.Release|ARM.ActiveCfg = Release|iPhone
		{E72EA8AE-B434-465E-ADE3-932D3126126F}.Release|iPhone.ActiveCfg = Release|iPhone
		{E72EA8AE-B434-465E-ADE3-932D3126126F}.Release|iPhone.Build.0 = Release|iPhone
		{E72EA8AE-B434-465E-ADE3-932D3126126F}.Release|iPhoneSimulator.ActiveCfg = Release|iPhoneSimulator
		{E72EA8AE-B434-465E-ADE3-932D3126126F}.Release|iPhoneSimulator.Build.0 = Release|iPhoneSimulator
		{E72EA8AE-B434-465E-ADE3-932D3126126F}.Release|x64.ActiveCfg = Release|iPhone
		{E72EA8AE-B434-465E-ADE3-932D3126126F}.Release|x86.ActiveCfg = Release|iPhone
		{283BCFF6-E0A9-4018-9CCE-CEC2B5942614}.Ad-Hoc|Any CPU.ActiveCfg = Debug|Any CPU
		{283BCFF6-E0A9-4018-9CCE-CEC2B5942614}.Ad-Hoc|Any CPU.Build.0 = Debug|Any CPU
		{283BCFF6-E0A9-4018-9CCE-CEC2B5942614}.Ad-Hoc|ARM.ActiveCfg = Debug|Any CPU
		{283BCFF6-E0A9-4018-9CCE-CEC2B5942614}.Ad-Hoc|ARM.Build.0 = Debug|Any CPU
		{283BCFF6-E0A9-4018-9CCE-CEC2B5942614}.Ad-Hoc|iPhone.ActiveCfg = Debug|Any CPU
		{283BCFF6-E0A9-4018-9CCE-CEC2B5942614}.Ad-Hoc|iPhone.Build.0 = Debug|Any CPU
		{283BCFF6-E0A9-4018-9CCE-CEC2B5942614}.Ad-Hoc|iPhoneSimulator.ActiveCfg = Debug|Any CPU
		{283BCFF6-E0A9-4018-9CCE-CEC2B5942614}.Ad-Hoc|iPhoneSimulator.Build.0 = Debug|Any CPU
		{283BCFF6-E0A9-4018-9CCE-CEC2B5942614}.Ad-Hoc|x64.ActiveCfg = Debug|Any CPU
		{283BCFF6-E0A9-4018-9CCE-CEC2B5942614}.Ad-Hoc|x64.Build.0 = Debug|Any CPU
		{283BCFF6-E0A9-4018-9CCE-CEC2B5942614}.Ad-Hoc|x86.ActiveCfg = Debug|Any CPU
		{283BCFF6-E0A9-4018-9CCE-CEC2B5942614}.Ad-Hoc|x86.Build.0 = Debug|Any CPU
		{283BCFF6-E0A9-4018-9CCE-CEC2B5942614}.AppStore|Any CPU.ActiveCfg = Debug|Any CPU
		{283BCFF6-E0A9-4018-9CCE-CEC2B5942614}.AppStore|Any CPU.Build.0 = Debug|Any CPU
		{283BCFF6-E0A9-4018-9CCE-CEC2B5942614}.AppStore|ARM.ActiveCfg = Debug|Any CPU
		{283BCFF6-E0A9-4018-9CCE-CEC2B5942614}.AppStore|ARM.Build.0 = Debug|Any CPU
		{283BCFF6-E0A9-4018-9CCE-CEC2B5942614}.AppStore|iPhone.ActiveCfg = Debug|Any CPU
		{283BCFF6-E0A9-4018-9CCE-CEC2B5942614}.AppStore|iPhone.Build.0 = Debug|Any CPU
		{283BCFF6-E0A9-4018-9CCE-CEC2B5942614}.AppStore|iPhoneSimulator.ActiveCfg = Debug|Any CPU
		{283BCFF6-E0A9-4018-9CCE-CEC2B5942614}.AppStore|iPhoneSimulator.Build.0 = Debug|Any CPU
		{283BCFF6-E0A9-4018-9CCE-CEC2B5942614}.AppStore|x64.ActiveCfg = Debug|Any CPU
		{283BCFF6-E0A9-4018-9CCE-CEC2B5942614}.AppStore|x64.Build.0 = Debug|Any CPU
		{283BCFF6-E0A9-4018-9CCE-CEC2B5942614}.AppStore|x86.ActiveCfg = Debug|Any CPU
		{283BCFF6-E0A9-4018-9CCE-CEC2B5942614}.AppStore|x86.Build.0 = Debug|Any CPU
		{283BCFF6-E0A9-4018-9CCE-CEC2B5942614}.Debug|Any CPU.ActiveCfg = Debug|Any CPU
		{283BCFF6-E0A9-4018-9CCE-CEC2B5942614}.Debug|Any CPU.Build.0 = Debug|Any CPU
		{283BCFF6-E0A9-4018-9CCE-CEC2B5942614}.Debug|ARM.ActiveCfg = Debug|Any CPU
		{283BCFF6-E0A9-4018-9CCE-CEC2B5942614}.Debug|ARM.Build.0 = Debug|Any CPU
		{283BCFF6-E0A9-4018-9CCE-CEC2B5942614}.Debug|iPhone.ActiveCfg = Debug|Any CPU
		{283BCFF6-E0A9-4018-9CCE-CEC2B5942614}.Debug|iPhone.Build.0 = Debug|Any CPU
		{283BCFF6-E0A9-4018-9CCE-CEC2B5942614}.Debug|iPhoneSimulator.ActiveCfg = Debug|Any CPU
		{283BCFF6-E0A9-4018-9CCE-CEC2B5942614}.Debug|iPhoneSimulator.Build.0 = Debug|Any CPU
		{283BCFF6-E0A9-4018-9CCE-CEC2B5942614}.Debug|x64.ActiveCfg = Debug|Any CPU
		{283BCFF6-E0A9-4018-9CCE-CEC2B5942614}.Debug|x64.Build.0 = Debug|Any CPU
		{283BCFF6-E0A9-4018-9CCE-CEC2B5942614}.Debug|x86.ActiveCfg = Debug|Any CPU
		{283BCFF6-E0A9-4018-9CCE-CEC2B5942614}.Debug|x86.Build.0 = Debug|Any CPU
		{283BCFF6-E0A9-4018-9CCE-CEC2B5942614}.Release|Any CPU.ActiveCfg = Release|Any CPU
		{283BCFF6-E0A9-4018-9CCE-CEC2B5942614}.Release|Any CPU.Build.0 = Release|Any CPU
		{283BCFF6-E0A9-4018-9CCE-CEC2B5942614}.Release|ARM.ActiveCfg = Release|Any CPU
		{283BCFF6-E0A9-4018-9CCE-CEC2B5942614}.Release|ARM.Build.0 = Release|Any CPU
		{283BCFF6-E0A9-4018-9CCE-CEC2B5942614}.Release|iPhone.ActiveCfg = Release|Any CPU
		{283BCFF6-E0A9-4018-9CCE-CEC2B5942614}.Release|iPhone.Build.0 = Release|Any CPU
		{283BCFF6-E0A9-4018-9CCE-CEC2B5942614}.Release|iPhoneSimulator.ActiveCfg = Release|Any CPU
		{283BCFF6-E0A9-4018-9CCE-CEC2B5942614}.Release|iPhoneSimulator.Build.0 = Release|Any CPU
		{283BCFF6-E0A9-4018-9CCE-CEC2B5942614}.Release|x64.ActiveCfg = Release|Any CPU
		{283BCFF6-E0A9-4018-9CCE-CEC2B5942614}.Release|x64.Build.0 = Release|Any CPU
		{283BCFF6-E0A9-4018-9CCE-CEC2B5942614}.Release|x86.ActiveCfg = Release|Any CPU
		{283BCFF6-E0A9-4018-9CCE-CEC2B5942614}.Release|x86.Build.0 = Release|Any CPU
		{9F6ADF41-FBDF-405F-BCE9-D50733E24D00}.Ad-Hoc|Any CPU.ActiveCfg = Release|Any CPU
		{9F6ADF41-FBDF-405F-BCE9-D50733E24D00}.Ad-Hoc|Any CPU.Build.0 = Release|Any CPU
		{9F6ADF41-FBDF-405F-BCE9-D50733E24D00}.Ad-Hoc|ARM.ActiveCfg = Release|Any CPU
		{9F6ADF41-FBDF-405F-BCE9-D50733E24D00}.Ad-Hoc|ARM.Build.0 = Release|Any CPU
		{9F6ADF41-FBDF-405F-BCE9-D50733E24D00}.Ad-Hoc|iPhone.ActiveCfg = Release|Any CPU
		{9F6ADF41-FBDF-405F-BCE9-D50733E24D00}.Ad-Hoc|iPhone.Build.0 = Release|Any CPU
		{9F6ADF41-FBDF-405F-BCE9-D50733E24D00}.Ad-Hoc|iPhoneSimulator.ActiveCfg = Release|Any CPU
		{9F6ADF41-FBDF-405F-BCE9-D50733E24D00}.Ad-Hoc|iPhoneSimulator.Build.0 = Release|Any CPU
		{9F6ADF41-FBDF-405F-BCE9-D50733E24D00}.Ad-Hoc|x64.ActiveCfg = Release|Any CPU
		{9F6ADF41-FBDF-405F-BCE9-D50733E24D00}.Ad-Hoc|x64.Build.0 = Release|Any CPU
		{9F6ADF41-FBDF-405F-BCE9-D50733E24D00}.Ad-Hoc|x86.ActiveCfg = Release|Any CPU
		{9F6ADF41-FBDF-405F-BCE9-D50733E24D00}.Ad-Hoc|x86.Build.0 = Release|Any CPU
		{9F6ADF41-FBDF-405F-BCE9-D50733E24D00}.AppStore|Any CPU.ActiveCfg = Release|Any CPU
		{9F6ADF41-FBDF-405F-BCE9-D50733E24D00}.AppStore|Any CPU.Build.0 = Release|Any CPU
		{9F6ADF41-FBDF-405F-BCE9-D50733E24D00}.AppStore|ARM.ActiveCfg = Release|Any CPU
		{9F6ADF41-FBDF-405F-BCE9-D50733E24D00}.AppStore|ARM.Build.0 = Release|Any CPU
		{9F6ADF41-FBDF-405F-BCE9-D50733E24D00}.AppStore|iPhone.ActiveCfg = Release|Any CPU
		{9F6ADF41-FBDF-405F-BCE9-D50733E24D00}.AppStore|iPhone.Build.0 = Release|Any CPU
		{9F6ADF41-FBDF-405F-BCE9-D50733E24D00}.AppStore|iPhoneSimulator.ActiveCfg = Release|Any CPU
		{9F6ADF41-FBDF-405F-BCE9-D50733E24D00}.AppStore|iPhoneSimulator.Build.0 = Release|Any CPU
		{9F6ADF41-FBDF-405F-BCE9-D50733E24D00}.AppStore|x64.ActiveCfg = Release|Any CPU
		{9F6ADF41-FBDF-405F-BCE9-D50733E24D00}.AppStore|x64.Build.0 = Release|Any CPU
		{9F6ADF41-FBDF-405F-BCE9-D50733E24D00}.AppStore|x86.ActiveCfg = Release|Any CPU
		{9F6ADF41-FBDF-405F-BCE9-D50733E24D00}.AppStore|x86.Build.0 = Release|Any CPU
		{9F6ADF41-FBDF-405F-BCE9-D50733E24D00}.Debug|Any CPU.ActiveCfg = Debug|Any CPU
		{9F6ADF41-FBDF-405F-BCE9-D50733E24D00}.Debug|Any CPU.Build.0 = Debug|Any CPU
		{9F6ADF41-FBDF-405F-BCE9-D50733E24D00}.Debug|ARM.ActiveCfg = Debug|Any CPU
		{9F6ADF41-FBDF-405F-BCE9-D50733E24D00}.Debug|ARM.Build.0 = Debug|Any CPU
		{9F6ADF41-FBDF-405F-BCE9-D50733E24D00}.Debug|iPhone.ActiveCfg = Debug|Any CPU
		{9F6ADF41-FBDF-405F-BCE9-D50733E24D00}.Debug|iPhone.Build.0 = Debug|Any CPU
		{9F6ADF41-FBDF-405F-BCE9-D50733E24D00}.Debug|iPhoneSimulator.ActiveCfg = Debug|Any CPU
		{9F6ADF41-FBDF-405F-BCE9-D50733E24D00}.Debug|iPhoneSimulator.Build.0 = Debug|Any CPU
		{9F6ADF41-FBDF-405F-BCE9-D50733E24D00}.Debug|x64.ActiveCfg = Debug|Any CPU
		{9F6ADF41-FBDF-405F-BCE9-D50733E24D00}.Debug|x64.Build.0 = Debug|Any CPU
		{9F6ADF41-FBDF-405F-BCE9-D50733E24D00}.Debug|x86.ActiveCfg = Debug|Any CPU
		{9F6ADF41-FBDF-405F-BCE9-D50733E24D00}.Debug|x86.Build.0 = Debug|Any CPU
		{9F6ADF41-FBDF-405F-BCE9-D50733E24D00}.Release|Any CPU.ActiveCfg = Release|Any CPU
		{9F6ADF41-FBDF-405F-BCE9-D50733E24D00}.Release|Any CPU.Build.0 = Release|Any CPU
		{9F6ADF41-FBDF-405F-BCE9-D50733E24D00}.Release|ARM.ActiveCfg = Release|Any CPU
		{9F6ADF41-FBDF-405F-BCE9-D50733E24D00}.Release|ARM.Build.0 = Release|Any CPU
		{9F6ADF41-FBDF-405F-BCE9-D50733E24D00}.Release|iPhone.ActiveCfg = Release|Any CPU
		{9F6ADF41-FBDF-405F-BCE9-D50733E24D00}.Release|iPhone.Build.0 = Release|Any CPU
		{9F6ADF41-FBDF-405F-BCE9-D50733E24D00}.Release|iPhoneSimulator.ActiveCfg = Release|Any CPU
		{9F6ADF41-FBDF-405F-BCE9-D50733E24D00}.Release|iPhoneSimulator.Build.0 = Release|Any CPU
		{9F6ADF41-FBDF-405F-BCE9-D50733E24D00}.Release|x64.ActiveCfg = Release|Any CPU
		{9F6ADF41-FBDF-405F-BCE9-D50733E24D00}.Release|x64.Build.0 = Release|Any CPU
		{9F6ADF41-FBDF-405F-BCE9-D50733E24D00}.Release|x86.ActiveCfg = Release|Any CPU
		{9F6ADF41-FBDF-405F-BCE9-D50733E24D00}.Release|x86.Build.0 = Release|Any CPU
		{57FE5DE0-ABB0-4839-98E4-1BBECD50C5BB}.Ad-Hoc|Any CPU.ActiveCfg = Debug|Any CPU
		{57FE5DE0-ABB0-4839-98E4-1BBECD50C5BB}.Ad-Hoc|Any CPU.Build.0 = Debug|Any CPU
		{57FE5DE0-ABB0-4839-98E4-1BBECD50C5BB}.Ad-Hoc|ARM.ActiveCfg = Debug|Any CPU
		{57FE5DE0-ABB0-4839-98E4-1BBECD50C5BB}.Ad-Hoc|ARM.Build.0 = Debug|Any CPU
		{57FE5DE0-ABB0-4839-98E4-1BBECD50C5BB}.Ad-Hoc|iPhone.ActiveCfg = Debug|Any CPU
		{57FE5DE0-ABB0-4839-98E4-1BBECD50C5BB}.Ad-Hoc|iPhone.Build.0 = Debug|Any CPU
		{57FE5DE0-ABB0-4839-98E4-1BBECD50C5BB}.Ad-Hoc|iPhoneSimulator.ActiveCfg = Debug|Any CPU
		{57FE5DE0-ABB0-4839-98E4-1BBECD50C5BB}.Ad-Hoc|iPhoneSimulator.Build.0 = Debug|Any CPU
		{57FE5DE0-ABB0-4839-98E4-1BBECD50C5BB}.Ad-Hoc|x64.ActiveCfg = Debug|Any CPU
		{57FE5DE0-ABB0-4839-98E4-1BBECD50C5BB}.Ad-Hoc|x64.Build.0 = Debug|Any CPU
		{57FE5DE0-ABB0-4839-98E4-1BBECD50C5BB}.Ad-Hoc|x86.ActiveCfg = Debug|Any CPU
		{57FE5DE0-ABB0-4839-98E4-1BBECD50C5BB}.Ad-Hoc|x86.Build.0 = Debug|Any CPU
		{57FE5DE0-ABB0-4839-98E4-1BBECD50C5BB}.AppStore|Any CPU.ActiveCfg = Debug|Any CPU
		{57FE5DE0-ABB0-4839-98E4-1BBECD50C5BB}.AppStore|Any CPU.Build.0 = Debug|Any CPU
		{57FE5DE0-ABB0-4839-98E4-1BBECD50C5BB}.AppStore|ARM.ActiveCfg = Debug|Any CPU
		{57FE5DE0-ABB0-4839-98E4-1BBECD50C5BB}.AppStore|ARM.Build.0 = Debug|Any CPU
		{57FE5DE0-ABB0-4839-98E4-1BBECD50C5BB}.AppStore|iPhone.ActiveCfg = Debug|Any CPU
		{57FE5DE0-ABB0-4839-98E4-1BBECD50C5BB}.AppStore|iPhone.Build.0 = Debug|Any CPU
		{57FE5DE0-ABB0-4839-98E4-1BBECD50C5BB}.AppStore|iPhoneSimulator.ActiveCfg = Debug|Any CPU
		{57FE5DE0-ABB0-4839-98E4-1BBECD50C5BB}.AppStore|iPhoneSimulator.Build.0 = Debug|Any CPU
		{57FE5DE0-ABB0-4839-98E4-1BBECD50C5BB}.AppStore|x64.ActiveCfg = Debug|Any CPU
		{57FE5DE0-ABB0-4839-98E4-1BBECD50C5BB}.AppStore|x64.Build.0 = Debug|Any CPU
		{57FE5DE0-ABB0-4839-98E4-1BBECD50C5BB}.AppStore|x86.ActiveCfg = Debug|Any CPU
		{57FE5DE0-ABB0-4839-98E4-1BBECD50C5BB}.AppStore|x86.Build.0 = Debug|Any CPU
		{57FE5DE0-ABB0-4839-98E4-1BBECD50C5BB}.Debug|Any CPU.ActiveCfg = Debug|Any CPU
		{57FE5DE0-ABB0-4839-98E4-1BBECD50C5BB}.Debug|Any CPU.Build.0 = Debug|Any CPU
		{57FE5DE0-ABB0-4839-98E4-1BBECD50C5BB}.Debug|ARM.ActiveCfg = Debug|Any CPU
		{57FE5DE0-ABB0-4839-98E4-1BBECD50C5BB}.Debug|ARM.Build.0 = Debug|Any CPU
		{57FE5DE0-ABB0-4839-98E4-1BBECD50C5BB}.Debug|iPhone.ActiveCfg = Debug|Any CPU
		{57FE5DE0-ABB0-4839-98E4-1BBECD50C5BB}.Debug|iPhone.Build.0 = Debug|Any CPU
		{57FE5DE0-ABB0-4839-98E4-1BBECD50C5BB}.Debug|iPhoneSimulator.ActiveCfg = Debug|Any CPU
		{57FE5DE0-ABB0-4839-98E4-1BBECD50C5BB}.Debug|iPhoneSimulator.Build.0 = Debug|Any CPU
		{57FE5DE0-ABB0-4839-98E4-1BBECD50C5BB}.Debug|x64.ActiveCfg = Debug|Any CPU
		{57FE5DE0-ABB0-4839-98E4-1BBECD50C5BB}.Debug|x64.Build.0 = Debug|Any CPU
		{57FE5DE0-ABB0-4839-98E4-1BBECD50C5BB}.Debug|x86.ActiveCfg = Debug|Any CPU
		{57FE5DE0-ABB0-4839-98E4-1BBECD50C5BB}.Debug|x86.Build.0 = Debug|Any CPU
		{57FE5DE0-ABB0-4839-98E4-1BBECD50C5BB}.Release|Any CPU.ActiveCfg = Release|Any CPU
		{57FE5DE0-ABB0-4839-98E4-1BBECD50C5BB}.Release|Any CPU.Build.0 = Release|Any CPU
		{57FE5DE0-ABB0-4839-98E4-1BBECD50C5BB}.Release|ARM.ActiveCfg = Release|Any CPU
		{57FE5DE0-ABB0-4839-98E4-1BBECD50C5BB}.Release|ARM.Build.0 = Release|Any CPU
		{57FE5DE0-ABB0-4839-98E4-1BBECD50C5BB}.Release|iPhone.ActiveCfg = Release|Any CPU
		{57FE5DE0-ABB0-4839-98E4-1BBECD50C5BB}.Release|iPhone.Build.0 = Release|Any CPU
		{57FE5DE0-ABB0-4839-98E4-1BBECD50C5BB}.Release|iPhoneSimulator.ActiveCfg = Release|Any CPU
		{57FE5DE0-ABB0-4839-98E4-1BBECD50C5BB}.Release|iPhoneSimulator.Build.0 = Release|Any CPU
		{57FE5DE0-ABB0-4839-98E4-1BBECD50C5BB}.Release|x64.ActiveCfg = Release|Any CPU
		{57FE5DE0-ABB0-4839-98E4-1BBECD50C5BB}.Release|x64.Build.0 = Release|Any CPU
		{57FE5DE0-ABB0-4839-98E4-1BBECD50C5BB}.Release|x86.ActiveCfg = Release|Any CPU
		{57FE5DE0-ABB0-4839-98E4-1BBECD50C5BB}.Release|x86.Build.0 = Release|Any CPU
	EndGlobalSection
	GlobalSection(SolutionProperties) = preSolution
		HideSolutionNode = FALSE
	EndGlobalSection
	GlobalSection(NestedProjects) = preSolution
		{474C5912-97F1-4E4F-9B89-B4D113B57EB9} = {1AE48B40-9BFF-4A7A-8BF4-8E0B020DCF4B}
		{DFFF722B-8A0C-435F-8EA2-1FE6464F9892} = {1AE48B40-9BFF-4A7A-8BF4-8E0B020DCF4B}
		{BD696E6C-E89D-4D00-9E57-1BB826CAD3D0} = {1AE48B40-9BFF-4A7A-8BF4-8E0B020DCF4B}
		{1D354BAB-48C4-4B62-9929-DBFC27C1EA2B} = {1AE48B40-9BFF-4A7A-8BF4-8E0B020DCF4B}
	EndGlobalSection
	GlobalSection(ExtensibilityGlobals) = postSolution
		SolutionGuid = {80AC06E8-920C-4687-95F5-E2AEA18A7EFF}
	EndGlobalSection
EndGlobal
